// !$*UTF8*$!
{
	archiveVersion = 1;
	classes = {
	};
	objectVersion = 46;
	objects = {

/* Begin PBXFileReference section */
		CDCC916E19CF6368006132DF /* logger.h */ = {isa = PBXFileReference; fileEncoding = 4; lastKnownFileType = sourcecode.c.h; path = logger.h; sourceTree = "<group>"; };
		CDCC916F19CF6368006132DF /* logger.cpp */ = {isa = PBXFileReference; fileEncoding = 4; lastKnownFileType = sourcecode.cpp.cpp; path = logger.cpp; sourceTree = "<group>"; };
		CDCC917019CF6368006132DF /* ProcessValues.h */ = {isa = PBXFileReference; fileEncoding = 4; lastKnownFileType = sourcecode.c.h; path = ProcessValues.h; sourceTree = "<group>"; };
		CDCC917119CF6368006132DF /* RPi_SHT1x.h */ = {isa = PBXFileReference; fileEncoding = 4; lastKnownFileType = sourcecode.c.h; path = RPi_SHT1x.h; sourceTree = "<group>"; };
		CDCC917219CF6368006132DF /* c.sh */ = {isa = PBXFileReference; fileEncoding = 4; lastKnownFileType = text.script.sh; path = c.sh; sourceTree = "<group>"; };
		CDCC917319CF6368006132DF /* t.sh */ = {isa = PBXFileReference; fileEncoding = 4; lastKnownFileType = text.script.sh; path = t.sh; sourceTree = "<group>"; };
		CDCC917419CF6368006132DF /* README BUILD */ = {isa = PBXFileReference; fileEncoding = 4; lastKnownFileType = text; path = "README BUILD"; sourceTree = "<group>"; };
		CDCC917519CF6368006132DF /* conffile.h */ = {isa = PBXFileReference; fileEncoding = 4; lastKnownFileType = sourcecode.c.h; path = conffile.h; sourceTree = "<group>"; };
		CDCC917719CF6368006132DF /* index.html */ = {isa = PBXFileReference; fileEncoding = 4; lastKnownFileType = text.html; path = index.html; sourceTree = "<group>"; };
		CDCC917819CF6368006132DF /* xxxxxx */ = {isa = PBXFileReference; fileEncoding = 4; lastKnownFileType = text; path = xxxxxx; sourceTree = "<group>"; };
		CDCC917919CF6368006132DF /* create.sh */ = {isa = PBXFileReference; fileEncoding = 4; lastKnownFileType = text.script.sh; path = create.sh; sourceTree = "<group>"; };
		CDCC917A19CF6368006132DF /* fan.h */ = {isa = PBXFileReference; fileEncoding = 4; lastKnownFileType = sourcecode.c.h; path = fan.h; sourceTree = "<group>"; };
		CDCC917B19CF6368006132DF /* fan.cpp */ = {isa = PBXFileReference; fileEncoding = 4; lastKnownFileType = sourcecode.cpp.cpp; path = fan.cpp; sourceTree = "<group>"; };
		CDCC917C19CF6368006132DF /* conffile.cpp */ = {isa = PBXFileReference; fileEncoding = 4; lastKnownFileType = sourcecode.cpp.cpp; path = conffile.cpp; sourceTree = "<group>"; };
		CDCC917D19CF6368006132DF /* humifand.conf */ = {isa = PBXFileReference; fileEncoding = 4; lastKnownFileType = text; path = humifand.conf; sourceTree = "<group>"; };
		CDCC917E19CF6368006132DF /* humifand.sh */ = {isa = PBXFileReference; fileEncoding = 4; lastKnownFileType = text.script.sh; path = humifand.sh; sourceTree = "<group>"; };
		CDCC917F19CF6368006132DF /* makefile */ = {isa = PBXFileReference; fileEncoding = 4; lastKnownFileType = sourcecode.make; path = makefile; sourceTree = "<group>"; };
		CDCC918019CF6368006132DF /* ProcessValues.cpp */ = {isa = PBXFileReference; fileEncoding = 4; lastKnownFileType = sourcecode.cpp.cpp; path = ProcessValues.cpp; sourceTree = "<group>"; };
		CDCC918119CF6368006132DF /* main.cpp */ = {isa = PBXFileReference; fileEncoding = 4; lastKnownFileType = sourcecode.cpp.cpp; path = main.cpp; sourceTree = "<group>"; };
		CDCC918219CF6368006132DF /* RPi_SHT1x.cpp */ = {isa = PBXFileReference; fileEncoding = 4; lastKnownFileType = sourcecode.cpp.cpp; path = RPi_SHT1x.cpp; sourceTree = "<group>"; };
		CDCC918319CF6368006132DF /* graph.sh */ = {isa = PBXFileReference; fileEncoding = 4; lastKnownFileType = text.script.sh; path = graph.sh; sourceTree = "<group>"; };
/* End PBXFileReference section */

/* Begin PBXGroup section */
		CDCC916119CF6215006132DF = {
			isa = PBXGroup;
			children = (
				CDCC916E19CF6368006132DF /* logger.h */,
				CDCC916F19CF6368006132DF /* logger.cpp */,
				CDCC917019CF6368006132DF /* ProcessValues.h */,
				CDCC917119CF6368006132DF /* RPi_SHT1x.h */,
				CDCC917219CF6368006132DF /* c.sh */,
				CDCC917319CF6368006132DF /* t.sh */,
				CDCC917419CF6368006132DF /* README BUILD */,
				CDCC917519CF6368006132DF /* conffile.h */,
				CDCC917619CF6368006132DF /* www */,
				CDCC917919CF6368006132DF /* create.sh */,
				CDCC917A19CF6368006132DF /* fan.h */,
				CDCC917B19CF6368006132DF /* fan.cpp */,
				CDCC917C19CF6368006132DF /* conffile.cpp */,
				CDCC917D19CF6368006132DF /* humifand.conf */,
				CDCC917E19CF6368006132DF /* humifand.sh */,
				CDCC917F19CF6368006132DF /* makefile */,
				CDCC918019CF6368006132DF /* ProcessValues.cpp */,
				CDCC918119CF6368006132DF /* main.cpp */,
				CDCC918219CF6368006132DF /* RPi_SHT1x.cpp */,
				CDCC918319CF6368006132DF /* graph.sh */,
			);
			sourceTree = "<group>";
		};
		CDCC917619CF6368006132DF /* www */ = {
			isa = PBXGroup;
			children = (
				CDCC917719CF6368006132DF /* index.html */,
				CDCC917819CF6368006132DF /* xxxxxx */,
			);
			path = www;
			sourceTree = "<group>";
		};
/* End PBXGroup section */

/* Begin PBXLegacyTarget section */
		CDCC916619CF6215006132DF /* humifand */ = {
			isa = PBXLegacyTarget;
			buildArgumentsString = "";
			buildConfigurationList = CDCC916919CF6215006132DF /* Build configuration list for PBXLegacyTarget "humifand" */;
			buildPhases = (
			);
			buildToolPath = ../humifand/c.sh;
			buildWorkingDirectory = /Users/thagemann/Documents/Dev/humifand;
			dependencies = (
			);
			name = humifand;
			passBuildSettingsInEnvironment = 0;
			productName = humifand;
		};
/* End PBXLegacyTarget section */

/* Begin PBXProject section */
		CDCC916219CF6215006132DF /* Project object */ = {
			isa = PBXProject;
			attributes = {
				LastUpgradeCheck = 0600;
				ORGANIZATIONNAME = "Tim Hagemann";
				TargetAttributes = {
					CDCC916619CF6215006132DF = {
						CreatedOnToolsVersion = 6.0.1;
					};
				};
			};
			buildConfigurationList = CDCC916519CF6215006132DF /* Build configuration list for PBXProject "humifand" */;
			compatibilityVersion = "Xcode 3.2";
			developmentRegion = English;
			hasScannedForEncodings = 0;
			knownRegions = (
				en,
			);
			mainGroup = CDCC916119CF6215006132DF;
			projectDirPath = "";
			projectRoot = "";
			targets = (
				CDCC916619CF6215006132DF /* humifand */,
			);
		};
/* End PBXProject section */

/* Begin XCBuildConfiguration section */
		CDCC916719CF6215006132DF /* Debug */ = {
			isa = XCBuildConfiguration;
			buildSettings = {
				ALWAYS_SEARCH_USER_PATHS = NO;
				CLANG_CXX_LANGUAGE_STANDARD = "gnu++0x";
				CLANG_CXX_LIBRARY = "libc++";
				CLANG_ENABLE_MODULES = YES;
				CLANG_ENABLE_OBJC_ARC = YES;
				CLANG_WARN_BOOL_CONVERSION = YES;
				CLANG_WARN_CONSTANT_CONVERSION = YES;
				CLANG_WARN_DIRECT_OBJC_ISA_USAGE = YES_ERROR;
				CLANG_WARN_EMPTY_BODY = YES;
				CLANG_WARN_ENUM_CONVERSION = YES;
				CLANG_WARN_INT_CONVERSION = YES;
				CLANG_WARN_OBJC_ROOT_CLASS = YES_ERROR;
				CLANG_WARN_UNREACHABLE_CODE = YES;
				CLANG_WARN__DUPLICATE_METHOD_MATCH = YES;
				COPY_PHASE_STRIP = NO;
				ENABLE_STRICT_OBJC_MSGSEND = YES;
				GCC_C_LANGUAGE_STANDARD = gnu99;
				GCC_DYNAMIC_NO_PIC = NO;
				GCC_OPTIMIZATION_LEVEL = 0;
				GCC_PREPROCESSOR_DEFINITIONS = (
					"DEBUG=1",
					"$(inherited)",
				);
				GCC_SYMBOLS_PRIVATE_EXTERN = NO;
				GCC_WARN_64_TO_32_BIT_CONVERSION = YES;
				GCC_WARN_ABOUT_RETURN_TYPE = YES_ERROR;
				GCC_WARN_UNDECLARED_SELECTOR = YES;
				GCC_WARN_UNINITIALIZED_AUTOS = YES_AGGRESSIVE;
				GCC_WARN_UNUSED_FUNCTION = YES;
				GCC_WARN_UNUSED_VARIABLE = YES;
				MACOSX_DEPLOYMENT_TARGET = 10.9;
				MTL_ENABLE_DEBUG_INFO = YES;
				ONLY_ACTIVE_ARCH = YES;
				SDKROOT = macosx;
			};
			name = Debug;
		};
		CDCC916819CF6215006132DF /* Release */ = {
			isa = XCBuildConfiguration;
			buildSettings = {
				ALWAYS_SEARCH_USER_PATHS = NO;
				CLANG_CXX_LANGUAGE_STANDARD = "gnu++0x";
				CLANG_CXX_LIBRARY = "libc++";
				CLANG_ENABLE_MODULES = YES;
				CLANG_ENABLE_OBJC_ARC = YES;
				CLANG_WARN_BOOL_CONVERSION = YES;
				CLANG_WARN_CONSTANT_CONVERSION = YES;
				CLANG_WARN_DIRECT_OBJC_ISA_USAGE = YES_ERROR;
				CLANG_WARN_EMPTY_BODY = YES;
				CLANG_WARN_ENUM_CONVERSION = YES;
				CLANG_WARN_INT_CONVERSION = YES;
				CLANG_WARN_OBJC_ROOT_CLASS = YES_ERROR;
				CLANG_WARN_UNREACHABLE_CODE = YES;
				CLANG_WARN__DUPLICATE_METHOD_MATCH = YES;
				COPY_PHASE_STRIP = YES;
				DEBUG_INFORMATION_FORMAT = "dwarf-with-dsym";
				ENABLE_NS_ASSERTIONS = NO;
				ENABLE_STRICT_OBJC_MSGSEND = YES;
				GCC_C_LANGUAGE_STANDARD = gnu99;
				GCC_WARN_64_TO_32_BIT_CONVERSION = YES;
				GCC_WARN_ABOUT_RETURN_TYPE = YES_ERROR;
				GCC_WARN_UNDECLARED_SELECTOR = YES;
				GCC_WARN_UNINITIALIZED_AUTOS = YES_AGGRESSIVE;
				GCC_WARN_UNUSED_FUNCTION = YES;
				GCC_WARN_UNUSED_VARIABLE = YES;
				MACOSX_DEPLOYMENT_TARGET = 10.9;
				MTL_ENABLE_DEBUG_INFO = NO;
				SDKROOT = macosx;
			};
			name = Release;
		};
		CDCC916A19CF6215006132DF /* Debug */ = {
			isa = XCBuildConfiguration;
			buildSettings = {
				DEBUGGING_SYMBOLS = YES;
				GCC_GENERATE_DEBUGGING_SYMBOLS = YES;
				GCC_OPTIMIZATION_LEVEL = 0;
				OTHER_CFLAGS = "";
				OTHER_LDFLAGS = "";
				PRODUCT_NAME = "$(TARGET_NAME)";
			};
			name = Debug;
		};
		CDCC916B19CF6215006132DF /* Release */ = {
			isa = XCBuildConfiguration;
			buildSettings = {
				OTHER_CFLAGS = "";
				OTHER_LDFLAGS = "";
				PRODUCT_NAME = "$(TARGET_NAME)";
			};
			name = Release;
		};
/* End XCBuildConfiguration section */

/* Begin XCConfigurationList section */
		CDCC916519CF6215006132DF /* Build configuration list for PBXProject "humifand" */ = {
			isa = XCConfigurationList;
			buildConfigurations = (
				CDCC916719CF6215006132DF /* Debug */,
				CDCC916819CF6215006132DF /* Release */,
			);
			defaultConfigurationIsVisible = 0;
			defaultConfigurationName = Release;
		};
		CDCC916919CF6215006132DF /* Build configuration list for PBXLegacyTarget "humifand" */ = {
			isa = XCConfigurationList;
			buildConfigurations = (
				CDCC916A19CF6215006132DF /* Debug */,
				CDCC916B19CF6215006132DF /* Release */,
			);
			defaultConfigurationIsVisible = 0;
			defaultConfigurationName = Release;
		};
/* End XCConfigurationList section */
	};
	rootObject = CDCC916219CF6215006132DF /* Project object */;
}
